
Microsoft Visual Studio Solution File, Format Version 12.00
# Visual Studio Version 16
VisualStudioVersion = 16.0.30621.155
MinimumVisualStudioVersion = 10.0.40219.1
Project("{FAE04EC0-301F-11D3-BF4B-00C04F79EFBC}") = "Baohiemyte", "Baohiemyte\Baohiemyte.csproj", "{03B0EF93-E7FA-4008-A3EF-825A0679F4A1}"
EndProject
Global
	GlobalSection(SolutionConfigurationPlatforms) = preSolution
		Debug|Any CPU = Debug|Any CPU
		Release|Any CPU = Release|Any CPU
	EndGlobalSection
	GlobalSection(ProjectConfigurationPlatforms) = postSolution
		{03B0EF93-E7FA-4008-A3EF-825A0679F4A1}.Debug|Any CPU.ActiveCfg = Debug|Any CPU
		{03B0EF93-E7FA-4008-A3EF-825A0679F4A1}.Debug|Any CPU.Build.0 = Debug|Any CPU
		{03B0EF93-E7FA-4008-A3EF-825A0679F4A1}.Release|Any CPU.ActiveCfg = Release|Any CPU
		{03B0EF93-E7FA-4008-A3EF-825A0679F4A1}.Release|Any CPU.Build.0 = Release|Any CPU
	EndGlobalSection
	GlobalSection(SolutionProperties) = preSolution
		HideSolutionNode = FALSE
	EndGlobalSection
	GlobalSection(ExtensibilityGlobals) = postSolution
		SolutionGuid = {56A2B11A-8CA6-4F41-B4E9-953ED85C6961}
	EndGlobalSection
EndGlobal
